
Microsoft Visual Studio Solution File, Format Version 12.00
# Visual Studio 14
VisualStudioVersion = 14.0.25420.1
MinimumVisualStudioVersion = 10.0.40219.1
Project("{FAE04EC0-301F-11D3-BF4B-00C04F79EFBC}") = "ChatPage", "ChatPage\ChatPage.csproj", "{E8FE3DA1-25F7-4AE0-B6A3-BE63F98A1881}"
EndProject
Global
	GlobalSection(SolutionConfigurationPlatforms) = preSolution
		Debug|Any CPU = Debug|Any CPU
		Release|Any CPU = Release|Any CPU
	EndGlobalSection
	GlobalSection(ProjectConfigurationPlatforms) = postSolution
		{E8FE3DA1-25F7-4AE0-B6A3-BE63F98A1881}.Debug|Any CPU.ActiveCfg = Debug|Any CPU
		{E8FE3DA1-25F7-4AE0-B6A3-BE63F98A1881}.Debug|Any CPU.Build.0 = Debug|Any CPU
		{E8FE3DA1-25F7-4AE0-B6A3-BE63F98A1881}.Release|Any CPU.ActiveCfg = Release|Any CPU
		{E8FE3DA1-25F7-4AE0-B6A3-BE63F98A1881}.Release|Any CPU.Build.0 = Release|Any CPU
	EndGlobalSection
	GlobalSection(SolutionProperties) = preSolution
		HideSolutionNode = FALSE
	EndGlobalSection
EndGlobal
